
Microsoft Visual Studio Solution File, Format Version 12.00
# Visual Studio Version 16
VisualStudioVersion = 16.0.29102.190
MinimumVisualStudioVersion = 10.0.40219.1
Project("{9A19103F-16F7-4668-BE54-9A1E7A4F7556}") = "MYShop.Domain.Entities", "MYShop.Domain.Entities\MYShop.Domain.Entities.csproj", "{425361ED-2C9B-4EFE-879C-7F967C96781D}"
EndProject
Project("{9A19103F-16F7-4668-BE54-9A1E7A4F7556}") = "MYShop.Domain.Contract", "MYShop.Domain.Contract\MYShop.Domain.Contract.csproj", "{9F55459B-BA2C-4D76-89EC-0E86F12D5E58}"
EndProject
Project("{9A19103F-16F7-4668-BE54-9A1E7A4F7556}") = "MYShop.Web.UI", "MYShop.Web.UI\MYShop.Web.UI.csproj", "{6F68EF53-7758-401E-9D67-9B72932D1CAE}"
EndProject
Project("{9A19103F-16F7-4668-BE54-9A1E7A4F7556}") = "MYShop.DAL.EF", "MYShop.DAL.EF\MYShop.DAL.EF.csproj", "{B6ACC8F1-5450-4671-BB10-3DABFDAA4646}"
EndProject
Global
	GlobalSection(SolutionConfigurationPlatforms) = preSolution
		Debug|Any CPU = Debug|Any CPU
		Release|Any CPU = Release|Any CPU
	EndGlobalSection
	GlobalSection(ProjectConfigurationPlatforms) = postSolution
		{425361ED-2C9B-4EFE-879C-7F967C96781D}.Debug|Any CPU.ActiveCfg = Debug|Any CPU
		{425361ED-2C9B-4EFE-879C-7F967C96781D}.Debug|Any CPU.Build.0 = Debug|Any CPU
		{425361ED-2C9B-4EFE-879C-7F967C96781D}.Release|Any CPU.ActiveCfg = Release|Any CPU
		{425361ED-2C9B-4EFE-879C-7F967C96781D}.Release|Any CPU.Build.0 = Release|Any CPU
		{9F55459B-BA2C-4D76-89EC-0E86F12D5E58}.Debug|Any CPU.ActiveCfg = Debug|Any CPU
		{9F55459B-BA2C-4D76-89EC-0E86F12D5E58}.Debug|Any CPU.Build.0 = Debug|Any CPU
		{9F55459B-BA2C-4D76-89EC-0E86F12D5E58}.Release|Any CPU.ActiveCfg = Release|Any CPU
		{9F55459B-BA2C-4D76-89EC-0E86F12D5E58}.Release|Any CPU.Build.0 = Release|Any CPU
		{6F68EF53-7758-401E-9D67-9B72932D1CAE}.Debug|Any CPU.ActiveCfg = Debug|Any CPU
		{6F68EF53-7758-401E-9D67-9B72932D1CAE}.Debug|Any CPU.Build.0 = Debug|Any CPU
		{6F68EF53-7758-401E-9D67-9B72932D1CAE}.Release|Any CPU.ActiveCfg = Release|Any CPU
		{6F68EF53-7758-401E-9D67-9B72932D1CAE}.Release|Any CPU.Build.0 = Release|Any CPU
		{B6ACC8F1-5450-4671-BB10-3DABFDAA4646}.Debug|Any CPU.ActiveCfg = Debug|Any CPU
		{B6ACC8F1-5450-4671-BB10-3DABFDAA4646}.Debug|Any CPU.Build.0 = Debug|Any CPU
		{B6ACC8F1-5450-4671-BB10-3DABFDAA4646}.Release|Any CPU.ActiveCfg = Release|Any CPU
		{B6ACC8F1-5450-4671-BB10-3DABFDAA4646}.Release|Any CPU.Build.0 = Release|Any CPU
	EndGlobalSection
	GlobalSection(SolutionProperties) = preSolution
		HideSolutionNode = FALSE
	EndGlobalSection
	GlobalSection(ExtensibilityGlobals) = postSolution
		SolutionGuid = {F7F6EFE5-953C-4914-9FCA-4DBAB7906D70}
	EndGlobalSection
EndGlobal
